
Microsoft Visual Studio Solution File, Format Version 12.00
# Visual Studio 15
VisualStudioVersion = 15.0.28307.705
MinimumVisualStudioVersion = 10.0.40219.1
Project("{8BC9CEB8-8B4A-11D0-8D11-00A0C91BC942}") = "mLordPE1", "mLordPE1\mLordPE1.vcxproj", "{AB59E8E0-5BC0-40C7-97E1-1AA0670E6980}"
EndProject
Global
	GlobalSection(SolutionConfigurationPlatforms) = preSolution
		Debug|x64 = Debug|x64
		Debug|x86 = Debug|x86
		Release|x64 = Release|x64
		Release|x86 = Release|x86
	EndGlobalSection
	GlobalSection(ProjectConfigurationPlatforms) = postSolution
		{AB59E8E0-5BC0-40C7-97E1-1AA0670E6980}.Debug|x64.ActiveCfg = Debug|x64
		{AB59E8E0-5BC0-40C7-97E1-1AA0670E6980}.Debug|x64.Build.0 = Debug|x64
		{AB59E8E0-5BC0-40C7-97E1-1AA0670E6980}.Debug|x86.ActiveCfg = Debug|Win32
		{AB59E8E0-5BC0-40C7-97E1-1AA0670E6980}.Debug|x86.Build.0 = Debug|Win32
		{AB59E8E0-5BC0-40C7-97E1-1AA0670E6980}.Release|x64.ActiveCfg = Release|x64
		{AB59E8E0-5BC0-40C7-97E1-1AA0670E6980}.Release|x64.Build.0 = Release|x64
		{AB59E8E0-5BC0-40C7-97E1-1AA0670E6980}.Release|x86.ActiveCfg = Release|Win32
		{AB59E8E0-5BC0-40C7-97E1-1AA0670E6980}.Release|x86.Build.0 = Release|Win32
	EndGlobalSection
	GlobalSection(SolutionProperties) = preSolution
		HideSolutionNode = FALSE
	EndGlobalSection
	GlobalSection(ExtensibilityGlobals) = postSolution
		SolutionGuid = {FCC9E799-B31A-4210-BC91-E24B30D2816F}
	EndGlobalSection
EndGlobal
